{
  "originHash" : "022a93c339997b9080e8a2810846ef45230a029fc56d336626182762d87d6b38",
  "pins" : [
    {
      "identity" : "reusable",
      "kind" : "remoteSourceControl",
      "location" : "https://github.com/SiddharthDave-Dev/Reusable.git",
      "state" : {
        "branch" : "main",
        "revision" : "0048e7afdeb04226142ad52a3f52e99e844f0137"
      }
    },
    {
      "identity" : "sdwebimage",
      "kind" : "remoteSourceControl",
      "location" : "https://github.com/SDWebImage/SDWebImage.git",
      "state" : {
        "revision" : "b62cb63bf4ed1f04c961a56c9c6c9d5ab8524ec6",
        "version" : "5.21.1"
      }
    },
    {
      "identity" : "youtubekit",
      "kind" : "remoteSourceControl",
      "location" : "https://github.com/alexeichhorn/YouTubeKit.git",
      "state" : {
        "revision" : "fae7914e970a116405d89ae9cbbcfb2915824100",
        "version" : "0.2.8"
      }
    }
  ],
  "version" : 3
}
