{
  "originHash" : "c7bd226e7ed695e3ebb321521c2689a99e3e28c94036fcecd767ae63e3c52b3c",
  "pins" : [
    {
      "identity" : "reusable",
      "kind" : "remoteSourceControl",
      "location" : "https://github.com/SiddharthDave-Dev/Reusable.git",
      "state" : {
        "branch" : "main",
        "revision" : "8ded9b12283e91c12ae6669462a88aeae31c0dad"
      }
    }
  ],
  "version" : 3
}
