{
  "originHash" : "8b369af19bcc245d00e0bd838f9e2e845301c244a108be63e1da8315fb3a5894",
  "pins" : [
    {
      "identity" : "reusable",
      "kind" : "remoteSourceControl",
      "location" : "https://github.com/SiddharthDave-Dev/Reusable.git",
      "state" : {
        "branch" : "main",
        "revision" : "0048e7afdeb04226142ad52a3f52e99e844f0137"
      }
    },
    {
      "identity" : "sdwebimage",
      "kind" : "remoteSourceControl",
      "location" : "https://github.com/SDWebImage/SDWebImage.git",
      "state" : {
        "revision" : "34cf2423a2c4088d06a3b08655603b5bc3eeeb3a",
        "version" : "5.21.2"
      }
    },
    {
      "identity" : "youtubekit",
      "kind" : "remoteSourceControl",
      "location" : "https://github.com/alexeichhorn/YouTubeKit.git",
      "state" : {
        "revision" : "03c96d8d388fac47bef08f7f6b693e61f3939aeb",
        "version" : "0.2.9"
      }
    }
  ],
  "version" : 3
}
